
Microsoft Visual Studio Solution File, Format Version 12.00
# Visual Studio 14
VisualStudioVersion = 14.0.24720.0
MinimumVisualStudioVersion = 10.0.40219.1
Project("{8BC9CEB8-8B4A-11D0-8D11-00A0C91BC942}") = "compiler", "src\compiler\compiler.vcxproj", "{386064E7-EF36-4A2C-BAA1-0085F547AE60}"
EndProject
Project("{8BC9CEB8-8B4A-11D0-8D11-00A0C91BC942}") = "lib_common", "src\lib_common\lib_common.vcxproj", "{5F99E3AF-2B33-47EF-8B70-AF6A3E3B8248}"
EndProject
Project("{8BC9CEB8-8B4A-11D0-8D11-00A0C91BC942}") = "lib_cui", "src\lib_cui\lib_cui.vcxproj", "{41756C0E-E2D1-46A6-ADDA-B8C5323ADF76}"
EndProject
Project("{8BC9CEB8-8B4A-11D0-8D11-00A0C91BC942}") = "test", "src\test_src\test.vcxproj", "{96BA45C8-BCE0-4863-A234-B0F99BC9ABB7}"
	ProjectSection(ProjectDependencies) = postProject
		{386064E7-EF36-4A2C-BAA1-0085F547AE60} = {386064E7-EF36-4A2C-BAA1-0085F547AE60}
	EndProjectSection
EndProject
Project("{8BC9CEB8-8B4A-11D0-8D11-00A0C91BC942}") = "lib_wnd", "src\lib_wnd\lib_wnd.vcxproj", "{A5A772DE-2491-4CD0-9B4B-7E5FE900FED7}"
EndProject
Project("{8BC9CEB8-8B4A-11D0-8D11-00A0C91BC942}") = "kuincl", "src\kuincl\kuincl.vcxproj", "{AEC661A2-2A3A-4685-B567-48636A07213D}"
	ProjectSection(ProjectDependencies) = postProject
		{41756C0E-E2D1-46A6-ADDA-B8C5323ADF76} = {41756C0E-E2D1-46A6-ADDA-B8C5323ADF76}
		{548D74A2-70C8-4DA3-A06A-7818B4C132C8} = {548D74A2-70C8-4DA3-A06A-7818B4C132C8}
		{804409A7-FFE4-4BBE-8FCF-6FE250BCDC56} = {804409A7-FFE4-4BBE-8FCF-6FE250BCDC56}
		{5F99E3AF-2B33-47EF-8B70-AF6A3E3B8248} = {5F99E3AF-2B33-47EF-8B70-AF6A3E3B8248}
		{A5A772DE-2491-4CD0-9B4B-7E5FE900FED7} = {A5A772DE-2491-4CD0-9B4B-7E5FE900FED7}
		{386064E7-EF36-4A2C-BAA1-0085F547AE60} = {386064E7-EF36-4A2C-BAA1-0085F547AE60}
	EndProjectSection
EndProject
Project("{8BC9CEB8-8B4A-11D0-8D11-00A0C91BC942}") = "lib_math", "src\lib_math\lib_math.vcxproj", "{548D74A2-70C8-4DA3-A06A-7818B4C132C8}"
EndProject
Project("{8BC9CEB8-8B4A-11D0-8D11-00A0C91BC942}") = "lib_net", "src\lib_net\lib_net.vcxproj", "{804409A7-FFE4-4BBE-8FCF-6FE250BCDC56}"
EndProject
Project("{8BC9CEB8-8B4A-11D0-8D11-00A0C91BC942}") = "lib_draw2d", "src\lib_draw2d\lib_draw2d.vcxproj", "{9136E651-D063-49FD-AD03-4F21EC347407}"
EndProject
Global
	GlobalSection(SolutionConfigurationPlatforms) = preSolution
		Debug|x64 = Debug|x64
		Release_dbg|x64 = Release_dbg|x64
		Release_rls|x64 = Release_rls|x64
	EndGlobalSection
	GlobalSection(ProjectConfigurationPlatforms) = postSolution
		{386064E7-EF36-4A2C-BAA1-0085F547AE60}.Debug|x64.ActiveCfg = Debug|x64
		{386064E7-EF36-4A2C-BAA1-0085F547AE60}.Debug|x64.Build.0 = Debug|x64
		{386064E7-EF36-4A2C-BAA1-0085F547AE60}.Release_dbg|x64.ActiveCfg = Release|x64
		{386064E7-EF36-4A2C-BAA1-0085F547AE60}.Release_rls|x64.ActiveCfg = Release|x64
		{386064E7-EF36-4A2C-BAA1-0085F547AE60}.Release_rls|x64.Build.0 = Release|x64
		{5F99E3AF-2B33-47EF-8B70-AF6A3E3B8248}.Debug|x64.ActiveCfg = Debug|x64
		{5F99E3AF-2B33-47EF-8B70-AF6A3E3B8248}.Debug|x64.Build.0 = Debug|x64
		{5F99E3AF-2B33-47EF-8B70-AF6A3E3B8248}.Release_dbg|x64.ActiveCfg = Release_dbg|x64
		{5F99E3AF-2B33-47EF-8B70-AF6A3E3B8248}.Release_dbg|x64.Build.0 = Release_dbg|x64
		{5F99E3AF-2B33-47EF-8B70-AF6A3E3B8248}.Release_rls|x64.ActiveCfg = Release_rls|x64
		{5F99E3AF-2B33-47EF-8B70-AF6A3E3B8248}.Release_rls|x64.Build.0 = Release_rls|x64
		{41756C0E-E2D1-46A6-ADDA-B8C5323ADF76}.Debug|x64.ActiveCfg = Debug|x64
		{41756C0E-E2D1-46A6-ADDA-B8C5323ADF76}.Debug|x64.Build.0 = Debug|x64
		{41756C0E-E2D1-46A6-ADDA-B8C5323ADF76}.Release_dbg|x64.ActiveCfg = Release_dbg|x64
		{41756C0E-E2D1-46A6-ADDA-B8C5323ADF76}.Release_dbg|x64.Build.0 = Release_dbg|x64
		{41756C0E-E2D1-46A6-ADDA-B8C5323ADF76}.Release_rls|x64.ActiveCfg = Release_rls|x64
		{41756C0E-E2D1-46A6-ADDA-B8C5323ADF76}.Release_rls|x64.Build.0 = Release_rls|x64
		{96BA45C8-BCE0-4863-A234-B0F99BC9ABB7}.Debug|x64.ActiveCfg = Debug|x64
		{96BA45C8-BCE0-4863-A234-B0F99BC9ABB7}.Debug|x64.Build.0 = Debug|x64
		{96BA45C8-BCE0-4863-A234-B0F99BC9ABB7}.Release_dbg|x64.ActiveCfg = Debug|x64
		{96BA45C8-BCE0-4863-A234-B0F99BC9ABB7}.Release_rls|x64.ActiveCfg = Debug|x64
		{A5A772DE-2491-4CD0-9B4B-7E5FE900FED7}.Debug|x64.ActiveCfg = Debug|x64
		{A5A772DE-2491-4CD0-9B4B-7E5FE900FED7}.Debug|x64.Build.0 = Debug|x64
		{A5A772DE-2491-4CD0-9B4B-7E5FE900FED7}.Release_dbg|x64.ActiveCfg = Release_dbg|x64
		{A5A772DE-2491-4CD0-9B4B-7E5FE900FED7}.Release_dbg|x64.Build.0 = Release_dbg|x64
		{A5A772DE-2491-4CD0-9B4B-7E5FE900FED7}.Release_rls|x64.ActiveCfg = Release_rls|x64
		{A5A772DE-2491-4CD0-9B4B-7E5FE900FED7}.Release_rls|x64.Build.0 = Release_rls|x64
		{AEC661A2-2A3A-4685-B567-48636A07213D}.Debug|x64.ActiveCfg = Debug|x64
		{AEC661A2-2A3A-4685-B567-48636A07213D}.Debug|x64.Build.0 = Debug|x64
		{AEC661A2-2A3A-4685-B567-48636A07213D}.Release_dbg|x64.ActiveCfg = Release|x64
		{AEC661A2-2A3A-4685-B567-48636A07213D}.Release_rls|x64.ActiveCfg = Release|x64
		{AEC661A2-2A3A-4685-B567-48636A07213D}.Release_rls|x64.Build.0 = Release|x64
		{548D74A2-70C8-4DA3-A06A-7818B4C132C8}.Debug|x64.ActiveCfg = Debug|x64
		{548D74A2-70C8-4DA3-A06A-7818B4C132C8}.Debug|x64.Build.0 = Debug|x64
		{548D74A2-70C8-4DA3-A06A-7818B4C132C8}.Release_dbg|x64.ActiveCfg = Release_dbg|x64
		{548D74A2-70C8-4DA3-A06A-7818B4C132C8}.Release_dbg|x64.Build.0 = Release_dbg|x64
		{548D74A2-70C8-4DA3-A06A-7818B4C132C8}.Release_rls|x64.ActiveCfg = Release_rls|x64
		{548D74A2-70C8-4DA3-A06A-7818B4C132C8}.Release_rls|x64.Build.0 = Release_rls|x64
		{804409A7-FFE4-4BBE-8FCF-6FE250BCDC56}.Debug|x64.ActiveCfg = Debug|x64
		{804409A7-FFE4-4BBE-8FCF-6FE250BCDC56}.Debug|x64.Build.0 = Debug|x64
		{804409A7-FFE4-4BBE-8FCF-6FE250BCDC56}.Release_dbg|x64.ActiveCfg = Release_dbg|x64
		{804409A7-FFE4-4BBE-8FCF-6FE250BCDC56}.Release_dbg|x64.Build.0 = Release_dbg|x64
		{804409A7-FFE4-4BBE-8FCF-6FE250BCDC56}.Release_rls|x64.ActiveCfg = Release_rls|x64
		{804409A7-FFE4-4BBE-8FCF-6FE250BCDC56}.Release_rls|x64.Build.0 = Release_rls|x64
		{9136E651-D063-49FD-AD03-4F21EC347407}.Debug|x64.ActiveCfg = Debug|x64
		{9136E651-D063-49FD-AD03-4F21EC347407}.Debug|x64.Build.0 = Debug|x64
		{9136E651-D063-49FD-AD03-4F21EC347407}.Release_dbg|x64.ActiveCfg = Release_dbg|x64
		{9136E651-D063-49FD-AD03-4F21EC347407}.Release_dbg|x64.Build.0 = Release_dbg|x64
		{9136E651-D063-49FD-AD03-4F21EC347407}.Release_rls|x64.ActiveCfg = Release_rls|x64
		{9136E651-D063-49FD-AD03-4F21EC347407}.Release_rls|x64.Build.0 = Release_rls|x64
	EndGlobalSection
	GlobalSection(SolutionProperties) = preSolution
		HideSolutionNode = FALSE
	EndGlobalSection
EndGlobal
