<?xml version="1.0" encoding="utf-8"?>
<Project ToolsVersion="4.0" xmlns="http://schemas.microsoft.com/developer/msbuild/2003">
  <ItemGroup>
    <ClCompile Include="main.c" />
    <ClCompile Include="rnd.c" />
    <ClCompile Include="..\common.c" />
    <ClCompile Include="lib.c" />
    <ClCompile Include="file.c" />
    <ClCompile Include="time.c" />
    <ClCompile Include="hash.c" />
    <ClCompile Include="cipher.c" />
    <ClCompile Include="task.c" />
  </ItemGroup>
  <ItemGroup>
    <ClInclude Include="main.h" />
    <ClInclude Include="rnd.h" />
    <ClInclude Include="..\common.h" />
    <ClInclude Include="lib.h" />
    <ClInclude Include="file.h" />
    <ClInclude Include="time.h" />
    <ClInclude Include="hash.h" />
    <ClInclude Include="cipher.h" />
    <ClInclude Include="task.h" />
  </ItemGroup>
  <ItemGroup>
    <CustomBuild Include="low_level.asm" />
  </ItemGroup>
</Project>